
Microsoft Visual Studio Solution File, Format Version 12.00
# Visual Studio Version 17
VisualStudioVersion = 17.5.33516.290
MinimumVisualStudioVersion = 10.0.40219.1
Project("{9A19103F-16F7-4668-BE54-9A1E7A4F7556}") = "EmployeeApp", "EmployeeApp\EmployeeApp.csproj", "{E2E99299-86E3-4323-A65E-F080C8E734E0}"
EndProject
Project("{9A19103F-16F7-4668-BE54-9A1E7A4F7556}") = "EmployeeApp.Business", "EmployeeApp.Business\EmployeeApp.Business.csproj", "{F1D73DD8-E9E3-4B13-984B-8B9E9D8270D6}"
EndProject
Project("{9A19103F-16F7-4668-BE54-9A1E7A4F7556}") = "EmployeeApp.Contracts", "EmployeeApp.Contracts\EmployeeApp.Contracts.csproj", "{AF57D0F1-1A59-4653-8AE0-5075636B5E38}"
EndProject
Project("{9A19103F-16F7-4668-BE54-9A1E7A4F7556}") = "EmployeeApp.Entities", "EmployeeApp.Entities\EmployeeApp.Entities.csproj", "{29F61E3E-B450-4328-9723-D5F9ED9C68B9}"
EndProject
Project("{9A19103F-16F7-4668-BE54-9A1E7A4F7556}") = "EmployeeApp.Repository", "EmployeeApp.Repository\EmployeeApp.Repository.csproj", "{74B3E21B-C7CD-47EA-AE9F-993D08E3AAC3}"
EndProject
Project("{9A19103F-16F7-4668-BE54-9A1E7A4F7556}") = "EmployeeApp.Tests", "EmployeeApp.Tests\EmployeeApp.Tests.csproj", "{2C020D97-503A-4CC2-B948-E647BDAE2428}"
EndProject
Global
	GlobalSection(SolutionConfigurationPlatforms) = preSolution
		Debug|Any CPU = Debug|Any CPU
		Release|Any CPU = Release|Any CPU
	EndGlobalSection
	GlobalSection(ProjectConfigurationPlatforms) = postSolution
		{E2E99299-86E3-4323-A65E-F080C8E734E0}.Debug|Any CPU.ActiveCfg = Debug|Any CPU
		{E2E99299-86E3-4323-A65E-F080C8E734E0}.Debug|Any CPU.Build.0 = Debug|Any CPU
		{E2E99299-86E3-4323-A65E-F080C8E734E0}.Release|Any CPU.ActiveCfg = Release|Any CPU
		{E2E99299-86E3-4323-A65E-F080C8E734E0}.Release|Any CPU.Build.0 = Release|Any CPU
		{F1D73DD8-E9E3-4B13-984B-8B9E9D8270D6}.Debug|Any CPU.ActiveCfg = Debug|Any CPU
		{F1D73DD8-E9E3-4B13-984B-8B9E9D8270D6}.Debug|Any CPU.Build.0 = Debug|Any CPU
		{F1D73DD8-E9E3-4B13-984B-8B9E9D8270D6}.Release|Any CPU.ActiveCfg = Release|Any CPU
		{F1D73DD8-E9E3-4B13-984B-8B9E9D8270D6}.Release|Any CPU.Build.0 = Release|Any CPU
		{AF57D0F1-1A59-4653-8AE0-5075636B5E38}.Debug|Any CPU.ActiveCfg = Debug|Any CPU
		{AF57D0F1-1A59-4653-8AE0-5075636B5E38}.Debug|Any CPU.Build.0 = Debug|Any CPU
		{AF57D0F1-1A59-4653-8AE0-5075636B5E38}.Release|Any CPU.ActiveCfg = Release|Any CPU
		{AF57D0F1-1A59-4653-8AE0-5075636B5E38}.Release|Any CPU.Build.0 = Release|Any CPU
		{29F61E3E-B450-4328-9723-D5F9ED9C68B9}.Debug|Any CPU.ActiveCfg = Debug|Any CPU
		{29F61E3E-B450-4328-9723-D5F9ED9C68B9}.Debug|Any CPU.Build.0 = Debug|Any CPU
		{29F61E3E-B450-4328-9723-D5F9ED9C68B9}.Release|Any CPU.ActiveCfg = Release|Any CPU
		{29F61E3E-B450-4328-9723-D5F9ED9C68B9}.Release|Any CPU.Build.0 = Release|Any CPU
		{74B3E21B-C7CD-47EA-AE9F-993D08E3AAC3}.Debug|Any CPU.ActiveCfg = Debug|Any CPU
		{74B3E21B-C7CD-47EA-AE9F-993D08E3AAC3}.Debug|Any CPU.Build.0 = Debug|Any CPU
		{74B3E21B-C7CD-47EA-AE9F-993D08E3AAC3}.Release|Any CPU.ActiveCfg = Release|Any CPU
		{74B3E21B-C7CD-47EA-AE9F-993D08E3AAC3}.Release|Any CPU.Build.0 = Release|Any CPU
		{2C020D97-503A-4CC2-B948-E647BDAE2428}.Debug|Any CPU.ActiveCfg = Debug|Any CPU
		{2C020D97-503A-4CC2-B948-E647BDAE2428}.Debug|Any CPU.Build.0 = Debug|Any CPU
		{2C020D97-503A-4CC2-B948-E647BDAE2428}.Release|Any CPU.ActiveCfg = Release|Any CPU
		{2C020D97-503A-4CC2-B948-E647BDAE2428}.Release|Any CPU.Build.0 = Release|Any CPU
	EndGlobalSection
	GlobalSection(SolutionProperties) = preSolution
		HideSolutionNode = FALSE
	EndGlobalSection
	GlobalSection(ExtensibilityGlobals) = postSolution
		SolutionGuid = {9080F3AF-FEFA-49A9-8AB9-125A573362FE}
	EndGlobalSection
EndGlobal
